{
  "version": 4,
  "terraform_version": "1.12.2",
  "serial": 11,
  "lineage": "219cf92a-7c62-f759-73a8-e21af5b7ff3e",
  "outputs": {
    "gke_cluster_location": {
      "value": "us-central1-a",
      "type": "string"
    },
    "gke_cluster_name": {
      "value": "mygpccluster",
      "type": "string"
    },
    "gke_master_endpoint": {
      "value": "35.184.55.191",
      "type": "string"
    }
  },
  "resources": [
    {
      "mode": "managed",
      "type": "google_compute_address",
      "name": "internal_ip",
      "provider": "provider[\"registry.terraform.io/hashicorp/google\"]",
      "instances": [
        {
          "schema_version": 0,
          "attributes": {
            "address": "10.10.0.50",
            "address_type": "INTERNAL",
            "creation_timestamp": "2025-11-20T08:11:59.529-08:00",
            "description": "",
            "effective_labels": {},
            "id": "projects/ecommerce-k8s-2025/regions/us-central1/addresses/gke-internal-ingress-ip",
            "ip_version": "",
            "ipv6_endpoint_type": "",
            "label_fingerprint": "42WmSpB8rSM=",
            "labels": null,
            "name": "gke-internal-ingress-ip",
            "network": "",
            "network_tier": "PREMIUM",
            "prefix_length": 0,
            "project": "ecommerce-k8s-2025",
            "purpose": "GCE_ENDPOINT",
            "region": "us-central1",
            "self_link": "https://www.googleapis.com/compute/v1/projects/ecommerce-k8s-2025/regions/us-central1/addresses/gke-internal-ingress-ip",
            "subnetwork": "https://www.googleapis.com/compute/v1/projects/ecommerce-k8s-2025/regions/us-central1/subnetworks/gke-subnet-225",
            "terraform_labels": {},
            "timeouts": null,
            "users": []
          },
          "sensitive_attributes": [],
          "identity_schema_version": 0,
          "private": "eyJlMmJmYjczMC1lY2FhLTExZTYtOGY4OC0zNDM2M2JjN2M0YzAiOnsiY3JlYXRlIjoxMjAwMDAwMDAwMDAwLCJkZWxldGUiOjEyMDAwMDAwMDAwMDAsInVwZGF0ZSI6MTIwMDAwMDAwMDAwMH19",
          "dependencies": [
            "google_compute_network.gke_vpc",
            "google_compute_subnetwork.gke_subnet"
          ]
        }
      ]
    },
    {
      "mode": "managed",
      "type": "google_compute_network",
      "name": "gke_vpc",
      "provider": "provider[\"registry.terraform.io/hashicorp/google\"]",
      "instances": [
        {
          "schema_version": 0,
          "attributes": {
            "auto_create_subnetworks": false,
            "delete_default_routes_on_create": false,
            "description": "",
            "enable_ula_internal_ipv6": false,
            "gateway_ipv4": "",
            "id": "projects/ecommerce-k8s-2025/global/networks/gke-vpc-225",
            "internal_ipv6_range": "",
            "mtu": 0,
            "name": "gke-vpc-225",
            "network_firewall_policy_enforcement_order": "AFTER_CLASSIC_FIREWALL",
            "numeric_id": "4746356177069310839",
            "project": "ecommerce-k8s-2025",
            "routing_mode": "REGIONAL",
            "self_link": "https://www.googleapis.com/compute/v1/projects/ecommerce-k8s-2025/global/networks/gke-vpc-225",
            "timeouts": null
          },
          "sensitive_attributes": [],
          "identity_schema_version": 0,
          "private": "eyJlMmJmYjczMC1lY2FhLTExZTYtOGY4OC0zNDM2M2JjN2M0YzAiOnsiY3JlYXRlIjoxMjAwMDAwMDAwMDAwLCJkZWxldGUiOjEyMDAwMDAwMDAwMDAsInVwZGF0ZSI6MTIwMDAwMDAwMDAwMH19"
        }
      ]
    },
    {
      "mode": "managed",
      "type": "google_compute_subnetwork",
      "name": "gke_proxy_subnet",
      "provider": "provider[\"registry.terraform.io/hashicorp/google\"]",
      "instances": [
        {
          "schema_version": 0,
          "attributes": {
            "creation_timestamp": "2025-11-20T08:11:27.043-08:00",
            "description": "",
            "external_ipv6_prefix": "",
            "fingerprint": null,
            "gateway_address": "10.12.16.1",
            "id": "projects/ecommerce-k8s-2025/regions/us-central1/subnetworks/gke-proxy-subnet-225",
            "internal_ipv6_prefix": "",
            "ip_cidr_range": "10.12.16.0/24",
            "ipv6_access_type": "",
            "ipv6_cidr_range": "",
            "log_config": [],
            "name": "gke-proxy-subnet-225",
            "network": "https://www.googleapis.com/compute/v1/projects/ecommerce-k8s-2025/global/networks/gke-vpc-225",
            "private_ip_google_access": false,
            "private_ipv6_google_access": "DISABLE_GOOGLE_ACCESS",
            "project": "ecommerce-k8s-2025",
            "purpose": "INTERNAL_HTTPS_LOAD_BALANCER",
            "region": "us-central1",
            "role": "ACTIVE",
            "secondary_ip_range": [],
            "self_link": "https://www.googleapis.com/compute/v1/projects/ecommerce-k8s-2025/regions/us-central1/subnetworks/gke-proxy-subnet-225",
            "send_secondary_ip_range_if_empty": null,
            "stack_type": "",
            "timeouts": null
          },
          "sensitive_attributes": [],
          "identity_schema_version": 0,
          "private": "eyJlMmJmYjczMC1lY2FhLTExZTYtOGY4OC0zNDM2M2JjN2M0YzAiOnsiY3JlYXRlIjoxMjAwMDAwMDAwMDAwLCJkZWxldGUiOjEyMDAwMDAwMDAwMDAsInVwZGF0ZSI6MTIwMDAwMDAwMDAwMH19",
          "dependencies": [
            "google_compute_network.gke_vpc"
          ]
        }
      ]
    },
    {
      "mode": "managed",
      "type": "google_compute_subnetwork",
      "name": "gke_subnet",
      "provider": "provider[\"registry.terraform.io/hashicorp/google\"]",
      "instances": [
        {
          "schema_version": 0,
          "attributes": {
            "creation_timestamp": "2025-11-20T08:11:26.894-08:00",
            "description": "",
            "external_ipv6_prefix": "",
            "fingerprint": null,
            "gateway_address": "10.10.0.1",
            "id": "projects/ecommerce-k8s-2025/regions/us-central1/subnetworks/gke-subnet-225",
            "internal_ipv6_prefix": "",
            "ip_cidr_range": "10.10.0.0/24",
            "ipv6_access_type": "",
            "ipv6_cidr_range": "",
            "log_config": [],
            "name": "gke-subnet-225",
            "network": "https://www.googleapis.com/compute/v1/projects/ecommerce-k8s-2025/global/networks/gke-vpc-225",
            "private_ip_google_access": true,
            "private_ipv6_google_access": "DISABLE_GOOGLE_ACCESS",
            "project": "ecommerce-k8s-2025",
            "purpose": "PRIVATE",
            "region": "us-central1",
            "role": "",
            "secondary_ip_range": [
              {
                "ip_cidr_range": "10.11.0.0/16",
                "range_name": "gke-pods-range"
              },
              {
                "ip_cidr_range": "10.12.0.0/20",
                "range_name": "gke-services-range"
              }
            ],
            "self_link": "https://www.googleapis.com/compute/v1/projects/ecommerce-k8s-2025/regions/us-central1/subnetworks/gke-subnet-225",
            "send_secondary_ip_range_if_empty": null,
            "stack_type": "IPV4_ONLY",
            "timeouts": null
          },
          "sensitive_attributes": [],
          "identity_schema_version": 0,
          "private": "eyJlMmJmYjczMC1lY2FhLTExZTYtOGY4OC0zNDM2M2JjN2M0YzAiOnsiY3JlYXRlIjoxMjAwMDAwMDAwMDAwLCJkZWxldGUiOjEyMDAwMDAwMDAwMDAsInVwZGF0ZSI6MTIwMDAwMDAwMDAwMH19",
          "dependencies": [
            "google_compute_network.gke_vpc"
          ]
        }
      ]
    },
    {
      "mode": "managed",
      "type": "google_container_cluster",
      "name": "gke_cluster",
      "provider": "provider[\"registry.terraform.io/hashicorp/google\"]",
      "instances": [
        {
          "schema_version": 2,
          "attributes": {
            "addons_config": [
              {
                "cloudrun_config": [],
                "config_connector_config": [],
                "dns_cache_config": [],
                "gce_persistent_disk_csi_driver_config": [
                  {
                    "enabled": true
                  }
                ],
                "gcp_filestore_csi_driver_config": [],
                "gcs_fuse_csi_driver_config": [],
                "gke_backup_agent_config": [],
                "horizontal_pod_autoscaling": [],
                "http_load_balancing": [
                  {
                    "disabled": false
                  }
                ],
                "network_policy_config": [
                  {
                    "disabled": true
                  }
                ],
                "ray_operator_config": [],
                "stateful_ha_config": []
              }
            ],
            "allow_net_admin": null,
            "authenticator_groups_config": [],
            "binary_authorization": [
              {
                "enabled": false,
                "evaluation_mode": ""
              }
            ],
            "cluster_autoscaling": [
              {
                "auto_provisioning_defaults": [],
                "auto_provisioning_locations": [],
                "autoscaling_profile": "BALANCED",
                "enabled": false,
                "resource_limits": []
              }
            ],
            "cluster_ipv4_cidr": "10.11.0.0/16",
            "confidential_nodes": [],
            "cost_management_config": [],
            "database_encryption": [
              {
                "key_name": "",
                "state": "DECRYPTED"
              }
            ],
            "datapath_provider": "",
            "default_max_pods_per_node": 110,
            "default_snat_status": [
              {
                "disabled": false
              }
            ],
            "deletion_protection": false,
            "description": "",
            "dns_config": [],
            "enable_autopilot": false,
            "enable_cilium_clusterwide_network_policy": false,
            "enable_intranode_visibility": false,
            "enable_k8s_beta_apis": [],
            "enable_kubernetes_alpha": false,
            "enable_l4_ilb_subsetting": false,
            "enable_legacy_abac": false,
            "enable_multi_networking": false,
            "enable_shielded_nodes": true,
            "enable_tpu": false,
            "endpoint": "35.184.55.191",
            "fleet": [],
            "gateway_api_config": [],
            "id": "projects/ecommerce-k8s-2025/locations/us-central1-a/clusters/mygpccluster",
            "identity_service_config": [],
            "initial_node_count": 1,
            "ip_allocation_policy": [
              {
                "additional_pod_ranges_config": [],
                "cluster_ipv4_cidr_block": "10.11.0.0/16",
                "cluster_secondary_range_name": "gke-pods-range",
                "pod_cidr_overprovision_config": [
                  {
                    "disabled": false
                  }
                ],
                "services_ipv4_cidr_block": "10.12.0.0/20",
                "services_secondary_range_name": "gke-services-range",
                "stack_type": "IPV4"
              }
            ],
            "label_fingerprint": "a9dc16a7",
            "location": "us-central1-a",
            "logging_config": [
              {
                "enable_components": [
                  "SYSTEM_COMPONENTS",
                  "WORKLOADS"
                ]
              }
            ],
            "logging_service": "logging.googleapis.com/kubernetes",
            "maintenance_policy": [],
            "master_auth": [
              {
                "client_certificate": "",
                "client_certificate_config": [
                  {
                    "issue_client_certificate": false
                  }
                ],
                "client_key": "",
                "cluster_ca_certificate": "LS0tLS1CRUdJTiBDRVJUSUZJQ0FURS0tLS0tCk1JSUVMRENDQXBTZ0F3SUJBZ0lRTWtWUGtMZlZFdEEwdDhyYnBZSGp0VEFOQmdrcWhraUc5dzBCQVFzRkFEQXYKTVMwd0t3WURWUVFERXlRMU56QTFOVEpoTnkxa1l6ZzBMVFF6Wm1FdFlUUTJOUzA1TkRKallqRXdaR0pqTVdNdwpJQmNOTWpVeE1USXdNVFV4TWpBd1doZ1BNakExTlRFeE1UTXhOakV5TURCYU1DOHhMVEFyQmdOVkJBTVRKRFUzCk1EVTFNbUUzTFdSak9EUXRORE5tWVMxaE5EWTFMVGswTW1OaU1UQmtZbU14WXpDQ0FhSXdEUVlKS29aSWh2Y04KQVFFQkJRQURnZ0dQQURDQ0FZb0NnZ0dCQUs4Y0VnS0M5RkhaT3NLMEMweXFrOUhISk40Q2NPdlpDMVY4amdWagpDNjZreG5mbzJmcnRIdS93M044alNDQ3ByTVhCRTZkZkQxQjBjMjRHcUJRVXU0RzVmUTh0SFhVQjAxbFp6R3k2CjhFcTVtTFozSGFOUzA4YTFKY1FueXFmUnp3R3Yyc25HMjhpNzAyZzViNm9hemFobXg2Vmx1Y1VvVUhpaFh0ZEEKU0w3bXFqQUZqMVBZd2FUL2tVaTVXUWdpZUFrOU1OMW9LZjlQK0xwWEVDRVFJcGdxMFZKc09wZHR4TFFOMzlQaQpBYU5ZbU9OK25GVGNab3ErL1JyV0VvdHh1Z1dlSDcvM2xYdzFGblh4aDlId2d6TWVJR0ZYampLUXZDSHFjUTRwCjFtYVJVSDhxOE9zN3BVdTB0dDB0MDFSRVVidTJIMk5kZU1naCs1UVRGY1NPQXU5UHRiSXVwMWVMaGpSaWFLYWkKS01iYXNKd0p0RDFyYXFWaHdLNjRYWWhTb21oNUxnUHo5bjl4NnVHeUlpMUZGWGt4RWc3TjBtd1RqME5pcy9CSwp2bzFOVGcyYWpmTGlsK2x4cGZpVmRhL2NiMlNDMjZINDUrWVFCc0ZnVVJvanB2TTVOMmhqV2JXeERzTDRDTVdXCnJobHhaQVd1NTh1Qm9ENDkwcTdndjAxS293SURBUUFCbzBJd1FEQU9CZ05WSFE4QkFmOEVCQU1DQWdRd0R3WUQKVlIwVEFRSC9CQVV3QXdFQi96QWRCZ05WSFE0RUZnUVVVK2UyVUQ3bjB6RXJOUDRnNkY0Yis4MEhiRkF3RFFZSgpLb1pJaHZjTkFRRUxCUUFEZ2dHQkFEVWsyMGFvOHpjcHB4WXJCNUs5VE9mK0lTV1JYSTN0MmUrbWNxaUVGWDBGCjdGUzdnSENwbWM2cy9WY21SYjJCMEhEQlp6MS9WS0hlVEx1WVVwUjVpN3dkOExNaGdGaXFPRHFVUkhncloxM2UKWnZ1N1VHa2xhYVpGTDlmMHlLSmY4VzREcy8wdUhQUFQweTQyTFdpYnBpSjVsdk1jZTA5NERwcWUwRW13YTRaWgpSSWpPNWRIRXU4K2tvRXd1aEUwWUYxbDVwS3laQ0Zzb2Zoa204dHRJUXFac1lnbGRBdGJORXcxa3l3ZXVPaFZvCnR6Zm9uNDJ6NWRmVEZoUkJ6VkMvUGRIOGZ2bnpJSjEvbzBXWDVSeU9WbHg5NFc3MDhudmhpRkcrTnBHSmt2WE8KN1lwKzFIaTN6a21Lc2swV0JQWWpTZzU1RG1RMEFxUThBdFV3RmJ3NXVoSVZUbHBSWHRtQWdIVUpES3Y3WHJUdgpXcVlrU29saEFwMmgwNVBkZENrcjEzUmMyTTR5QURvV2xRdUNLS0RlWE1WQjdpa0VydzNyQis3VnJJeXBBSUEyCnBKWmNxeXRhbkxPYVUzS0VidnJzY3ZQMWkvR3graXd3UGNFOXJnRVBFclBnaWgwSkY4UGhHbnRkWlUwQS83VFEKVEpnMUU4U1VncUJUakN5c0NucWRZUT09Ci0tLS0tRU5EIENFUlRJRklDQVRFLS0tLS0K"
              }
            ],
            "master_authorized_networks_config": [],
            "master_version": "1.33.5-gke.1201000",
            "mesh_certificates": [],
            "min_master_version": null,
            "monitoring_config": [
              {
                "advanced_datapath_observability_config": [
                  {
                    "enable_metrics": false,
                    "enable_relay": false,
                    "relay_mode": "DISABLED"
                  }
                ],
                "enable_components": [
                  "SYSTEM_COMPONENTS",
                  "STORAGE",
                  "HPA",
                  "POD",
                  "DAEMONSET",
                  "DEPLOYMENT",
                  "STATEFULSET",
                  "JOBSET",
                  "CADVISOR",
                  "KUBELET",
                  "DCGM"
                ],
                "managed_prometheus": [
                  {
                    "enabled": true
                  }
                ]
              }
            ],
            "monitoring_service": "monitoring.googleapis.com/kubernetes",
            "name": "mygpccluster",
            "network": "projects/ecommerce-k8s-2025/global/networks/gke-vpc-225",
            "network_policy": [
              {
                "enabled": false,
                "provider": "PROVIDER_UNSPECIFIED"
              }
            ],
            "networking_mode": "VPC_NATIVE",
            "node_config": [],
            "node_locations": [],
            "node_pool": [],
            "node_pool_auto_config": [
              {
                "network_tags": [],
                "node_kubelet_config": [
                  {
                    "insecure_kubelet_readonly_port_enabled": "FALSE"
                  }
                ],
                "resource_manager_tags": {}
              }
            ],
            "node_pool_defaults": [
              {
                "node_config_defaults": [
                  {
                    "containerd_config": [],
                    "insecure_kubelet_readonly_port_enabled": "FALSE",
                    "logging_variant": "DEFAULT"
                  }
                ]
              }
            ],
            "node_version": "1.33.5-gke.1201000",
            "notification_config": [
              {
                "pubsub": [
                  {
                    "enabled": false,
                    "filter": [],
                    "topic": ""
                  }
                ]
              }
            ],
            "operation": null,
            "private_cluster_config": [
              {
                "enable_private_endpoint": false,
                "enable_private_nodes": false,
                "master_global_access_config": [
                  {
                    "enabled": false
                  }
                ],
                "master_ipv4_cidr_block": "",
                "peering_name": "",
                "private_endpoint": "10.10.0.2",
                "private_endpoint_subnetwork": "",
                "public_endpoint": "35.184.55.191"
              }
            ],
            "private_ipv6_google_access": "",
            "project": "ecommerce-k8s-2025",
            "release_channel": [
              {
                "channel": "REGULAR"
              }
            ],
            "remove_default_node_pool": true,
            "resource_labels": null,
            "resource_usage_export_config": [],
            "security_posture_config": [
              {
                "mode": "BASIC",
                "vulnerability_mode": "VULNERABILITY_MODE_UNSPECIFIED"
              }
            ],
            "self_link": "https://container.googleapis.com/v1/projects/ecommerce-k8s-2025/zones/us-central1-a/clusters/mygpccluster",
            "service_external_ips_config": [
              {
                "enabled": false
              }
            ],
            "services_ipv4_cidr": "10.12.0.0/20",
            "subnetwork": "projects/ecommerce-k8s-2025/regions/us-central1/subnetworks/gke-subnet-225",
            "timeouts": null,
            "tpu_ipv4_cidr_block": "",
            "vertical_pod_autoscaling": [],
            "workload_identity_config": []
          },
          "sensitive_attributes": [
            [
              {
                "type": "get_attr",
                "value": "master_auth"
              },
              {
                "type": "index",
                "value": {
                  "value": 0,
                  "type": "number"
                }
              },
              {
                "type": "get_attr",
                "value": "client_key"
              }
            ]
          ],
          "identity_schema_version": 0,
          "private": "eyJlMmJmYjczMC1lY2FhLTExZTYtOGY4OC0zNDM2M2JjN2M0YzAiOnsiY3JlYXRlIjoyNDAwMDAwMDAwMDAwLCJkZWxldGUiOjI0MDAwMDAwMDAwMDAsInJlYWQiOjI0MDAwMDAwMDAwMDAsInVwZGF0ZSI6MzYwMDAwMDAwMDAwMH0sInNjaGVtYV92ZXJzaW9uIjoiMiJ9",
          "dependencies": [
            "google_compute_network.gke_vpc",
            "google_compute_subnetwork.gke_subnet",
            "google_project_iam_member.gke_node_sa_binding",
            "google_project_service.gke_services",
            "google_service_account.gke_node_sa"
          ]
        }
      ]
    },
    {
      "mode": "managed",
      "type": "google_container_node_pool",
      "name": "primary_nodes",
      "provider": "provider[\"registry.terraform.io/hashicorp/google\"]",
      "instances": [
        {
          "schema_version": 1,
          "attributes": {
            "autoscaling": [
              {
                "location_policy": "BALANCED",
                "max_node_count": 3,
                "min_node_count": 1,
                "total_max_node_count": 0,
                "total_min_node_count": 0
              }
            ],
            "cluster": "mygpccluster",
            "id": "projects/ecommerce-k8s-2025/locations/us-central1-a/clusters/mygpccluster/nodePools/primary-pool",
            "initial_node_count": 1,
            "instance_group_urls": [
              "https://www.googleapis.com/compute/v1/projects/ecommerce-k8s-2025/zones/us-central1-a/instanceGroupManagers/gke-mygpccluster-primary-pool-532b5747-grp"
            ],
            "location": "us-central1-a",
            "managed_instance_group_urls": [
              "https://www.googleapis.com/compute/v1/projects/ecommerce-k8s-2025/zones/us-central1-a/instanceGroups/gke-mygpccluster-primary-pool-532b5747-grp"
            ],
            "management": [
              {
                "auto_repair": true,
                "auto_upgrade": true
              }
            ],
            "max_pods_per_node": 110,
            "name": "primary-pool",
            "name_prefix": "",
            "network_config": [
              {
                "additional_node_network_configs": [],
                "additional_pod_network_configs": [],
                "create_pod_range": false,
                "enable_private_nodes": false,
                "network_performance_config": [],
                "pod_cidr_overprovision_config": [],
                "pod_ipv4_cidr_block": "10.11.0.0/16",
                "pod_range": "gke-pods-range"
              }
            ],
            "node_config": [
              {
                "advanced_machine_features": [],
                "boot_disk_kms_key": "",
                "confidential_nodes": [],
                "containerd_config": [],
                "disk_size_gb": 12,
                "disk_type": "pd-balanced",
                "effective_taints": [],
                "enable_confidential_storage": false,
                "ephemeral_storage_local_ssd_config": [],
                "fast_socket": [],
                "gcfs_config": [],
                "guest_accelerator": [],
                "gvnic": [],
                "host_maintenance_policy": [],
                "image_type": "COS_CONTAINERD",
                "kubelet_config": [
                  {
                    "cpu_cfs_quota": false,
                    "cpu_cfs_quota_period": "",
                    "cpu_manager_policy": "",
                    "insecure_kubelet_readonly_port_enabled": "FALSE",
                    "pod_pids_limit": 0
                  }
                ],
                "labels": {},
                "linux_node_config": [],
                "local_nvme_ssd_block_config": [],
                "local_ssd_count": 0,
                "logging_variant": "DEFAULT",
                "machine_type": "e2-small",
                "metadata": {
                  "disable-legacy-endpoints": "true"
                },
                "min_cpu_platform": "",
                "node_group": "",
                "oauth_scopes": [
                  "https://www.googleapis.com/auth/cloud-platform"
                ],
                "preemptible": false,
                "reservation_affinity": [],
                "resource_labels": {
                  "goog-gke-node-pool-provisioning-model": "on-demand"
                },
                "resource_manager_tags": null,
                "secondary_boot_disks": [],
                "service_account": "gke-sa-node-225@ecommerce-k8s-2025.iam.gserviceaccount.com",
                "shielded_instance_config": [
                  {
                    "enable_integrity_monitoring": true,
                    "enable_secure_boot": false
                  }
                ],
                "sole_tenant_config": [],
                "spot": false,
                "tags": null,
                "taint": [],
                "workload_metadata_config": []
              }
            ],
            "node_count": 1,
            "node_locations": [
              "us-central1-a"
            ],
            "operation": null,
            "placement_policy": [],
            "project": "ecommerce-k8s-2025",
            "queued_provisioning": [],
            "timeouts": null,
            "upgrade_settings": [
              {
                "blue_green_settings": [],
                "max_surge": 1,
                "max_unavailable": 0,
                "strategy": "SURGE"
              }
            ],
            "version": "1.33.5-gke.1201000"
          },
          "sensitive_attributes": [],
          "identity_schema_version": 0,
          "private": "eyJlMmJmYjczMC1lY2FhLTExZTYtOGY4OC0zNDM2M2JjN2M0YzAiOnsiY3JlYXRlIjoxODAwMDAwMDAwMDAwLCJkZWxldGUiOjE4MDAwMDAwMDAwMDAsInVwZGF0ZSI6MTgwMDAwMDAwMDAwMH0sInNjaGVtYV92ZXJzaW9uIjoiMSJ9",
          "dependencies": [
            "google_compute_network.gke_vpc",
            "google_compute_subnetwork.gke_subnet",
            "google_container_cluster.gke_cluster",
            "google_project_iam_member.gke_node_sa_binding",
            "google_project_service.gke_services",
            "google_service_account.gke_node_sa"
          ]
        }
      ]
    },
    {
      "mode": "managed",
      "type": "google_project_iam_member",
      "name": "gke_node_sa_binding",
      "provider": "provider[\"registry.terraform.io/hashicorp/google\"]",
      "instances": [
        {
          "schema_version": 0,
          "attributes": {
            "condition": [],
            "etag": "BwZECPKQNZs=",
            "id": "ecommerce-k8s-2025/roles/container.nodeServiceAccount/serviceAccount:gke-sa-node-225@ecommerce-k8s-2025.iam.gserviceaccount.com",
            "member": "serviceAccount:gke-sa-node-225@ecommerce-k8s-2025.iam.gserviceaccount.com",
            "project": "ecommerce-k8s-2025",
            "role": "roles/container.nodeServiceAccount"
          },
          "sensitive_attributes": [],
          "identity_schema_version": 0,
          "private": "bnVsbA==",
          "dependencies": [
            "google_service_account.gke_node_sa"
          ]
        }
      ]
    },
    {
      "mode": "managed",
      "type": "google_project_service",
      "name": "gke_services",
      "provider": "provider[\"registry.terraform.io/hashicorp/google\"]",
      "instances": [
        {
          "index_key": "compute.googleapis.com",
          "schema_version": 0,
          "attributes": {
            "disable_dependent_services": null,
            "disable_on_destroy": false,
            "id": "ecommerce-k8s-2025/compute.googleapis.com",
            "project": "ecommerce-k8s-2025",
            "service": "compute.googleapis.com",
            "timeouts": null
          },
          "sensitive_attributes": [],
          "identity_schema_version": 0,
          "private": "eyJlMmJmYjczMC1lY2FhLTExZTYtOGY4OC0zNDM2M2JjN2M0YzAiOnsiY3JlYXRlIjoxMjAwMDAwMDAwMDAwLCJkZWxldGUiOjEyMDAwMDAwMDAwMDAsInJlYWQiOjYwMDAwMDAwMDAwMCwidXBkYXRlIjoxMjAwMDAwMDAwMDAwfX0="
        },
        {
          "index_key": "container.googleapis.com",
          "schema_version": 0,
          "attributes": {
            "disable_dependent_services": null,
            "disable_on_destroy": false,
            "id": "ecommerce-k8s-2025/container.googleapis.com",
            "project": "ecommerce-k8s-2025",
            "service": "container.googleapis.com",
            "timeouts": null
          },
          "sensitive_attributes": [],
          "identity_schema_version": 0,
          "private": "eyJlMmJmYjczMC1lY2FhLTExZTYtOGY4OC0zNDM2M2JjN2M0YzAiOnsiY3JlYXRlIjoxMjAwMDAwMDAwMDAwLCJkZWxldGUiOjEyMDAwMDAwMDAwMDAsInJlYWQiOjYwMDAwMDAwMDAwMCwidXBkYXRlIjoxMjAwMDAwMDAwMDAwfX0="
        }
      ]
    },
    {
      "mode": "managed",
      "type": "google_service_account",
      "name": "gke_node_sa",
      "provider": "provider[\"registry.terraform.io/hashicorp/google\"]",
      "instances": [
        {
          "schema_version": 0,
          "attributes": {
            "account_id": "gke-sa-node-225",
            "create_ignore_already_exists": null,
            "description": "",
            "disabled": false,
            "display_name": "GKE Node Service Account",
            "email": "gke-sa-node-225@ecommerce-k8s-2025.iam.gserviceaccount.com",
            "id": "projects/ecommerce-k8s-2025/serviceAccounts/gke-sa-node-225@ecommerce-k8s-2025.iam.gserviceaccount.com",
            "member": "serviceAccount:gke-sa-node-225@ecommerce-k8s-2025.iam.gserviceaccount.com",
            "name": "projects/ecommerce-k8s-2025/serviceAccounts/gke-sa-node-225@ecommerce-k8s-2025.iam.gserviceaccount.com",
            "project": "ecommerce-k8s-2025",
            "timeouts": null,
            "unique_id": "101032552147087915467"
          },
          "sensitive_attributes": [],
          "identity_schema_version": 0,
          "private": "eyJlMmJmYjczMC1lY2FhLTExZTYtOGY4OC0zNDM2M2JjN2M0YzAiOnsiY3JlYXRlIjozMDAwMDAwMDAwMDB9fQ=="
        }
      ]
    }
  ],
  "check_results": null
}
